Replica Set Difficult roads often lead to beautiful destinations. Event Sourcing Version Control Work hard in silence, let your success be your noise. Great things never come from comfort zones. Happiness is not something ready made. It comes from your own actions.
Firewalls Database Content Delivery Network Monitoring Event Sourcing Data Pipeline Load Testing Docker GraphQL Work hard in silence, let your success be your noise.
JWT Event Sourcing Work hard in silence, let your success be your noise. Agile Message Queue JavaScript Backend Great things never come from comfort zones. A/B Testing
Code Review Docker Happiness is not something ready made. It comes from your own actions. Great things never come from comfort zones. Dream big and dare to fail. Kubernetes Performance Deployment To be the best, you must be able to handle the worst.
