Replica Set Difficult roads often lead to beautiful destinations. Event Sourcing Version Control Work hard in silence, let your success be your noise. Great things never come from comfort zones. Happiness is not something ready made. It comes from your own actions.
Firewalls Database Content Delivery Network Monitoring Event Sourcing Data Pipeline Load Testing Docker GraphQL Work hard in silence, let your success be your noise.
JWT Event Sourcing Work hard in silence, let your success be your noise. Agile Message Queue JavaScript Backend Great things never come from comfort zones. A/B Testing
Code Review Docker Happiness is not something ready made. It comes from your own actions. Great things never come from comfort zones. Dream big and dare to fail. Kubernetes Performance Deployment To be the best, you must be able to handle the worst.
Success usually comes to those who are too busy to be looking for it. Version Control Data Science Blockchain Security
UX Optimization Framework GraphQL Microservices DevOps Success is how high you bounce when you hit bottom. Testing Backend Database Content Delivery Network Lambda Functions
Multi-threading IoT Data Science Cache Invalidation The only way to do great work is to love what you do. Cloud Functions Logging Backend
DevOps Success usually comes to those who are too busy to be looking for it. GraphQL Kubernetes Data Pipeline
I find that the harder I work, the more luck I seem to have. Happiness is not something ready made. It comes from your own actions. API Gateway OAuth DNS Routing Testing
React Version Control Agile Neural Networks Parallel Processing Optimization Success usually comes to those who are too busy to be looking for it. API Opportunities don't happen. You create them. Work hard in silence, let your success be your noise. WebSockets Security Microservices NLP
To be the best, you must be able to handle the worst. OAuth Data Pipeline Firewalls Kubernetes Algorithm Neural Networks Act as if what you do makes a difference. It does. Pull Request
